// !$*UTF8*$!
{
	archiveVersion = 1;
	classes = {
	};
	objectVersion = 46;
	objects = {

/* Begin PBXBuildFile section */
		06A9B0901E96B5DA0023BC5C /* AppDelegate.swift in Sources */ = {isa = PBXBuildFile; fileRef = 06A9B08F1E96B5DA0023BC5C /* AppDelegate.swift */; };
		06A9B0921E96B5DA0023BC5C /* ViewController.swift in Sources */ = {isa = PBXBuildFile; fileRef = 06A9B0911E96B5DA0023BC5C /* ViewController.swift */; };
		06A9B0951E96B5DA0023BC5C /* Main.storyboard in Resources */ = {isa = PBXBuildFile; fileRef = 06A9B0931E96B5DA0023BC5C /* Main.storyboard */; };
		06A9B0971E96B5DA0023BC5C /* Assets.xcassets in Resources */ = {isa = PBXBuildFile; fileRef = 06A9B0961E96B5DA0023BC5C /* Assets.xcassets */; };
		06A9B09A1E96B5DA0023BC5C /* LaunchScreen.storyboard in Resources */ = {isa = PBXBuildFile; fileRef = 06A9B0981E96B5DA0023BC5C /* LaunchScreen.storyboard */; };
		06A9B0A51E96B5DA0023BC5C /* NYTimesTests.swift in Sources */ = {isa = PBXBuildFile; fileRef = 06A9B0A41E96B5DA0023BC5C /* NYTimesTests.swift */; };
		06A9B0B01E96B5DA0023BC5C /* NYTimesUITests.swift in Sources */ = {isa = PBXBuildFile; fileRef = 06A9B0AF1E96B5DA0023BC5C /* NYTimesUITests.swift */; };
		06A9B0BF1E96B9D70023BC5C /* NYTimesApi.swift in Sources */ = {isa = PBXBuildFile; fileRef = 06A9B0BE1E96B9D70023BC5C /* NYTimesApi.swift */; };
		06A9B0C21E96C25B0023BC5C /* ArticlesTableViewController.swift in Sources */ = {isa = PBXBuildFile; fileRef = 06A9B0C11E96C25B0023BC5C /* ArticlesTableViewController.swift */; };
		06A9B0C51E96C4410023BC5C /* Article.swift in Sources */ = {isa = PBXBuildFile; fileRef = 06A9B0C41E96C4410023BC5C /* Article.swift */; };
		06A9B0C71E96CC610023BC5C /* Result.swift in Sources */ = {isa = PBXBuildFile; fileRef = 06A9B0C61E96CC610023BC5C /* Result.swift */; };
		405A11470FD36627B99F5084 /* Pods_NYTimes.framework in Frameworks */ = {isa = PBXBuildFile; fileRef = FB1FE40100B72DB2A6C1C875 /* Pods_NYTimes.framework */; };
		408E7F9BD55E9DF41C456517 /* Pods_NYTimesUITests.framework in Frameworks */ = {isa = PBXBuildFile; fileRef = 0F386CE2153BF66B82AF831B /* Pods_NYTimesUITests.framework */; };
		4A8CD1D6280A047850B196C0 /* Pods_NYTimesTests.framework in Frameworks */ = {isa = PBXBuildFile; fileRef = 4A1ED69594CDE5FB23B2F25E /* Pods_NYTimesTests.framework */; };
/* End PBXBuildFile section */

/* Begin PBXContainerItemProxy section */
		06A9B0A11E96B5DA0023BC5C /* PBXContainerItemProxy */ = {
			isa = PBXContainerItemProxy;
			containerPortal = 06A9B0841E96B5DA0023BC5C /* Project object */;
			proxyType = 1;
			remoteGlobalIDString = 06A9B08B1E96B5DA0023BC5C;
			remoteInfo = NYTimes;
		};
		06A9B0AC1E96B5DA0023BC5C /* PBXContainerItemProxy */ = {
			isa = PBXContainerItemProxy;
			containerPortal = 06A9B0841E96B5DA0023BC5C /* Project object */;
			proxyType = 1;
			remoteGlobalIDString = 06A9B08B1E96B5DA0023BC5C;
			remoteInfo = NYTimes;
		};
/* End PBXContainerItemProxy section */

/* Begin PBXFileReference section */
		06A9B08C1E96B5DA0023BC5C /* NYTimes.app */ = {isa = PBXFileReference; explicitFileType = wrapper.application; includeInIndex = 0; path = NYTimes.app; sourceTree = BUILT_PRODUCTS_DIR; };
		06A9B08F1E96B5DA0023BC5C /* AppDelegate.swift */ = {isa = PBXFileReference; lastKnownFileType = sourcecode.swift; path = AppDelegate.swift; sourceTree = "<group>"; };
		06A9B0911E96B5DA0023BC5C /* ViewController.swift */ = {isa = PBXFileReference; lastKnownFileType = sourcecode.swift; path = ViewController.swift; sourceTree = "<group>"; };
		06A9B0941E96B5DA0023BC5C /* Base */ = {isa = PBXFileReference; lastKnownFileType = file.storyboard; name = Base; path = Base.lproj/Main.storyboard; sourceTree = "<group>"; };
		06A9B0961E96B5DA0023BC5C /* Assets.xcassets */ = {isa = PBXFileReference; lastKnownFileType = folder.assetcatalog; path = Assets.xcassets; sourceTree = "<group>"; };
		06A9B0991E96B5DA0023BC5C /* Base */ = {isa = PBXFileReference; lastKnownFileType = file.storyboard; name = Base; path = Base.lproj/LaunchScreen.storyboard; sourceTree = "<group>"; };
		06A9B09B1E96B5DA0023BC5C /* Info.plist */ = {isa = PBXFileReference; lastKnownFileType = text.plist.xml; path = Info.plist; sourceTree = "<group>"; };
		06A9B0A01E96B5DA0023BC5C /* NYTimesTests.xctest */ = {isa = PBXFileReference; explicitFileType = wrapper.cfbundle; includeInIndex = 0; path = NYTimesTests.xctest; sourceTree = BUILT_PRODUCTS_DIR; };
		06A9B0A41E96B5DA0023BC5C /* NYTimesTests.swift */ = {isa = PBXFileReference; lastKnownFileType = sourcecode.swift; path = NYTimesTests.swift; sourceTree = "<group>"; };
		06A9B0A61E96B5DA0023BC5C /* Info.plist */ = {isa = PBXFileReference; lastKnownFileType = text.plist.xml; path = Info.plist; sourceTree = "<group>"; };
		06A9B0AB1E96B5DA0023BC5C /* NYTimesUITests.xctest */ = {isa = PBXFileReference; explicitFileType = wrapper.cfbundle; includeInIndex = 0; path = NYTimesUITests.xctest; sourceTree = BUILT_PRODUCTS_DIR; };
		06A9B0AF1E96B5DA0023BC5C /* NYTimesUITests.swift */ = {isa = PBXFileReference; lastKnownFileType = sourcecode.swift; path = NYTimesUITests.swift; sourceTree = "<group>"; };
		06A9B0B11E96B5DA0023BC5C /* Info.plist */ = {isa = PBXFileReference; lastKnownFileType = text.plist.xml; path = Info.plist; sourceTree = "<group>"; };
		06A9B0BE1E96B9D70023BC5C /* NYTimesApi.swift */ = {isa = PBXFileReference; fileEncoding = 4; lastKnownFileType = sourcecode.swift; path = NYTimesApi.swift; sourceTree = "<group>"; };
		06A9B0C11E96C25B0023BC5C /* ArticlesTableViewController.swift */ = {isa = PBXFileReference; fileEncoding = 4; lastKnownFileType = sourcecode.swift; path = ArticlesTableViewController.swift; sourceTree = "<group>"; };
		06A9B0C41E96C4410023BC5C /* Article.swift */ = {isa = PBXFileReference; fileEncoding = 4; lastKnownFileType = sourcecode.swift; path = Article.swift; sourceTree = "<group>"; };
		06A9B0C61E96CC610023BC5C /* Result.swift */ = {isa = PBXFileReference; fileEncoding = 4; lastKnownFileType = sourcecode.swift; path = Result.swift; sourceTree = "<group>"; };
		0F386CE2153BF66B82AF831B /* Pods_NYTimesUITests.framework */ = {isa = PBXFileReference; explicitFileType = wrapper.framework; includeInIndex = 0; path = Pods_NYTimesUITests.framework; sourceTree = BUILT_PRODUCTS_DIR; };
		14C14EC11A7C299506363CDF /* Pods-NYTimes.release.xcconfig */ = {isa = PBXFileReference; includeInIndex = 1; lastKnownFileType = text.xcconfig; name = "Pods-NYTimes.release.xcconfig"; path = "Pods/Target Support Files/Pods-NYTimes/Pods-NYTimes.release.xcconfig"; sourceTree = "<group>"; };
		4A1ED69594CDE5FB23B2F25E /* Pods_NYTimesTests.framework */ = {isa = PBXFileReference; explicitFileType = wrapper.framework; includeInIndex = 0; path = Pods_NYTimesTests.framework; sourceTree = BUILT_PRODUCTS_DIR; };
		5193084880C6AF9EFF27696A /* Pods-NYTimesUITests.release.xcconfig */ = {isa = PBXFileReference; includeInIndex = 1; lastKnownFileType = text.xcconfig; name = "Pods-NYTimesUITests.release.xcconfig"; path = "Pods/Target Support Files/Pods-NYTimesUITests/Pods-NYTimesUITests.release.xcconfig"; sourceTree = "<group>"; };
		9E2F111982A6BDE1ABC0F12B /* Pods-NYTimesTests.release.xcconfig */ = {isa = PBXFileReference; includeInIndex = 1; lastKnownFileType = text.xcconfig; name = "Pods-NYTimesTests.release.xcconfig"; path = "Pods/Target Support Files/Pods-NYTimesTests/Pods-NYTimesTests.release.xcconfig"; sourceTree = "<group>"; };
		C336091F5392C6C7E901A85F /* Pods-NYTimesUITests.debug.xcconfig */ = {isa = PBXFileReference; includeInIndex = 1; lastKnownFileType = text.xcconfig; name = "Pods-NYTimesUITests.debug.xcconfig"; path = "Pods/Target Support Files/Pods-NYTimesUITests/Pods-NYTimesUITests.debug.xcconfig"; sourceTree = "<group>"; };
		D52AD3DF71158F6E81C12831 /* Pods-NYTimesTests.debug.xcconfig */ = {isa = PBXFileReference; includeInIndex = 1; lastKnownFileType = text.xcconfig; name = "Pods-NYTimesTests.debug.xcconfig"; path = "Pods/Target Support Files/Pods-NYTimesTests/Pods-NYTimesTests.debug.xcconfig"; sourceTree = "<group>"; };
		DE6087DEA346135BE18EB64A /* Pods-NYTimes.debug.xcconfig */ = {isa = PBXFileReference; includeInIndex = 1; lastKnownFileType = text.xcconfig; name = "Pods-NYTimes.debug.xcconfig"; path = "Pods/Target Support Files/Pods-NYTimes/Pods-NYTimes.debug.xcconfig"; sourceTree = "<group>"; };
		FB1FE40100B72DB2A6C1C875 /* Pods_NYTimes.framework */ = {isa = PBXFileReference; explicitFileType = wrapper.framework; includeInIndex = 0; path = Pods_NYTimes.framework; sourceTree = BUILT_PRODUCTS_DIR; };
/* End PBXFileReference section */

/* Begin PBXFrameworksBuildPhase section */
		06A9B0891E96B5DA0023BC5C /* Frameworks */ = {
			isa = PBXFrameworksBuildPhase;
			buildActionMask = 2147483647;
			files = (
				405A11470FD36627B99F5084 /* Pods_NYTimes.framework in Frameworks */,
			);
			runOnlyForDeploymentPostprocessing = 0;
		};
		06A9B09D1E96B5DA0023BC5C /* Frameworks */ = {
			isa = PBXFrameworksBuildPhase;
			buildActionMask = 2147483647;
			files = (
				4A8CD1D6280A047850B196C0 /* Pods_NYTimesTests.framework in Frameworks */,
			);
			runOnlyForDeploymentPostprocessing = 0;
		};
		06A9B0A81E96B5DA0023BC5C /* Frameworks */ = {
			isa = PBXFrameworksBuildPhase;
			buildActionMask = 2147483647;
			files = (
				408E7F9BD55E9DF41C456517 /* Pods_NYTimesUITests.framework in Frameworks */,
			);
			runOnlyForDeploymentPostprocessing = 0;
		};
/* End PBXFrameworksBuildPhase section */

/* Begin PBXGroup section */
		06A9B0831E96B5DA0023BC5C = {
			isa = PBXGroup;
			children = (
				06A9B08E1E96B5DA0023BC5C /* NYTimes */,
				06A9B0A31E96B5DA0023BC5C /* NYTimesTests */,
				06A9B0AE1E96B5DA0023BC5C /* NYTimesUITests */,
				06A9B08D1E96B5DA0023BC5C /* Products */,
				4DAD84D5225A0D5F0065C9C6 /* Pods */,
				ECB67E98F0CCD452C00D1C58 /* Frameworks */,
			);
			sourceTree = "<group>";
		};
		06A9B08D1E96B5DA0023BC5C /* Products */ = {
			isa = PBXGroup;
			children = (
				06A9B08C1E96B5DA0023BC5C /* NYTimes.app */,
				06A9B0A01E96B5DA0023BC5C /* NYTimesTests.xctest */,
				06A9B0AB1E96B5DA0023BC5C /* NYTimesUITests.xctest */,
			);
			name = Products;
			sourceTree = "<group>";
		};
		06A9B08E1E96B5DA0023BC5C /* NYTimes */ = {
			isa = PBXGroup;
			children = (
				06A9B0C31E96C42A0023BC5C /* Models */,
				06A9B0C01E96C2430023BC5C /* ArticlesTableViewController */,
				06A9B0BD1E96B9C30023BC5C /* Shared */,
				06A9B08F1E96B5DA0023BC5C /* AppDelegate.swift */,
				06A9B0911E96B5DA0023BC5C /* ViewController.swift */,
				06A9B0931E96B5DA0023BC5C /* Main.storyboard */,
				06A9B0961E96B5DA0023BC5C /* Assets.xcassets */,
				06A9B0981E96B5DA0023BC5C /* LaunchScreen.storyboard */,
				06A9B09B1E96B5DA0023BC5C /* Info.plist */,
			);
			path = NYTimes;
			sourceTree = "<group>";
		};
		06A9B0A31E96B5DA0023BC5C /* NYTimesTests */ = {
			isa = PBXGroup;
			children = (
				06A9B0A41E96B5DA0023BC5C /* NYTimesTests.swift */,
				06A9B0A61E96B5DA0023BC5C /* Info.plist */,
			);
			path = NYTimesTests;
			sourceTree = "<group>";
		};
		06A9B0AE1E96B5DA0023BC5C /* NYTimesUITests */ = {
			isa = PBXGroup;
			children = (
				06A9B0AF1E96B5DA0023BC5C /* NYTimesUITests.swift */,
				06A9B0B11E96B5DA0023BC5C /* Info.plist */,
			);
			path = NYTimesUITests;
			sourceTree = "<group>";
		};
		06A9B0BD1E96B9C30023BC5C /* Shared */ = {
			isa = PBXGroup;
			children = (
				06A9B0BE1E96B9D70023BC5C /* NYTimesApi.swift */,
			);
			name = Shared;
			sourceTree = "<group>";
		};
		06A9B0C01E96C2430023BC5C /* ArticlesTableViewController */ = {
			isa = PBXGroup;
			children = (
				06A9B0C11E96C25B0023BC5C /* ArticlesTableViewController.swift */,
			);
			name = ArticlesTableViewController;
			sourceTree = "<group>";
		};
		06A9B0C31E96C42A0023BC5C /* Models */ = {
			isa = PBXGroup;
			children = (
				06A9B0C41E96C4410023BC5C /* Article.swift */,
				06A9B0C61E96CC610023BC5C /* Result.swift */,
			);
			name = Models;
			sourceTree = "<group>";
		};
		4DAD84D5225A0D5F0065C9C6 /* Pods */ = {
			isa = PBXGroup;
			children = (
				DE6087DEA346135BE18EB64A /* Pods-NYTimes.debug.xcconfig */,
				14C14EC11A7C299506363CDF /* Pods-NYTimes.release.xcconfig */,
				D52AD3DF71158F6E81C12831 /* Pods-NYTimesTests.debug.xcconfig */,
				9E2F111982A6BDE1ABC0F12B /* Pods-NYTimesTests.release.xcconfig */,
				C336091F5392C6C7E901A85F /* Pods-NYTimesUITests.debug.xcconfig */,
				5193084880C6AF9EFF27696A /* Pods-NYTimesUITests.release.xcconfig */,
			);
			name = Pods;
			sourceTree = "<group>";
		};
		ECB67E98F0CCD452C00D1C58 /* Frameworks */ = {
			isa = PBXGroup;
			children = (
				FB1FE40100B72DB2A6C1C875 /* Pods_NYTimes.framework */,
				4A1ED69594CDE5FB23B2F25E /* Pods_NYTimesTests.framework */,
				0F386CE2153BF66B82AF831B /* Pods_NYTimesUITests.framework */,
			);
			name = Frameworks;
			sourceTree = "<group>";
		};
/* End PBXGroup section */

/* Begin PBXNativeTarget section */
		06A9B08B1E96B5DA0023BC5C /* NYTimes */ = {
			isa = PBXNativeTarget;
			buildConfigurationList = 06A9B0B41E96B5DA0023BC5C /* Build configuration list for PBXNativeTarget "NYTimes" */;
			buildPhases = (
				6E2B553D2B103450BEEB0DDA /* [CP] Check Pods Manifest.lock */,
				06A9B0881E96B5DA0023BC5C /* Sources */,
				06A9B0891E96B5DA0023BC5C /* Frameworks */,
				06A9B08A1E96B5DA0023BC5C /* Resources */,
				5571C26E2F3682FBB3AF645F /* [CP] Embed Pods Frameworks */,
				2BB06A969D1F1EAAE70A765C /* [CP] Copy Pods Resources */,
			);
			buildRules = (
			);
			dependencies = (
			);
			name = NYTimes;
			productName = NYTimes;
			productReference = 06A9B08C1E96B5DA0023BC5C /* NYTimes.app */;
			productType = "com.apple.product-type.application";
		};
		06A9B09F1E96B5DA0023BC5C /* NYTimesTests */ = {
			isa = PBXNativeTarget;
			buildConfigurationList = 06A9B0B71E96B5DA0023BC5C /* Build configuration list for PBXNativeTarget "NYTimesTests" */;
			buildPhases = (
				9E30EA5B955E717C775577AD /* [CP] Check Pods Manifest.lock */,
				06A9B09C1E96B5DA0023BC5C /* Sources */,
				06A9B09D1E96B5DA0023BC5C /* Frameworks */,
				06A9B09E1E96B5DA0023BC5C /* Resources */,
				0F3B65509914203EB7C9C062 /* [CP] Embed Pods Frameworks */,
				37A5A42C7DD9B6864854F820 /* [CP] Copy Pods Resources */,
			);
			buildRules = (
			);
			dependencies = (
				06A9B0A21E96B5DA0023BC5C /* PBXTargetDependency */,
			);
			name = NYTimesTests;
			productName = NYTimesTests;
			productReference = 06A9B0A01E96B5DA0023BC5C /* NYTimesTests.xctest */;
			productType = "com.apple.product-type.bundle.unit-test";
		};
		06A9B0AA1E96B5DA0023BC5C /* NYTimesUITests */ = {
			isa = PBXNativeTarget;
			buildConfigurationList = 06A9B0BA1E96B5DA0023BC5C /* Build configuration list for PBXNativeTarget "NYTimesUITests" */;
			buildPhases = (
				2E9096CA08D5D69DC600C4A3 /* [CP] Check Pods Manifest.lock */,
				06A9B0A71E96B5DA0023BC5C /* Sources */,
				06A9B0A81E96B5DA0023BC5C /* Frameworks */,
				06A9B0A91E96B5DA0023BC5C /* Resources */,
				33DAB0B7BF7B258F465AD240 /* [CP] Embed Pods Frameworks */,
				6740DCDF9599C8E9913E3154 /* [CP] Copy Pods Resources */,
			);
			buildRules = (
			);
			dependencies = (
				06A9B0AD1E96B5DA0023BC5C /* PBXTargetDependency */,
			);
			name = NYTimesUITests;
			productName = NYTimesUITests;
			productReference = 06A9B0AB1E96B5DA0023BC5C /* NYTimesUITests.xctest */;
			productType = "com.apple.product-type.bundle.ui-testing";
		};
/* End PBXNativeTarget section */

/* Begin PBXProject section */
		06A9B0841E96B5DA0023BC5C /* Project object */ = {
			isa = PBXProject;
			attributes = {
				LastSwiftUpdateCheck = 0830;
				LastUpgradeCheck = 0830;
				ORGANIZATIONNAME = "Arturo Jamaica";
				TargetAttributes = {
					06A9B08B1E96B5DA0023BC5C = {
						CreatedOnToolsVersion = 8.3;
						DevelopmentTeam = 66BW5V4FD9;
						ProvisioningStyle = Automatic;
					};
					06A9B09F1E96B5DA0023BC5C = {
						CreatedOnToolsVersion = 8.3;
						DevelopmentTeam = 66BW5V4FD9;
						ProvisioningStyle = Automatic;
						TestTargetID = 06A9B08B1E96B5DA0023BC5C;
					};
					06A9B0AA1E96B5DA0023BC5C = {
						CreatedOnToolsVersion = 8.3;
						DevelopmentTeam = 66BW5V4FD9;
						ProvisioningStyle = Automatic;
						TestTargetID = 06A9B08B1E96B5DA0023BC5C;
					};
				};
			};
			buildConfigurationList = 06A9B0871E96B5DA0023BC5C /* Build configuration list for PBXProject "NYTimes" */;
			compatibilityVersion = "Xcode 3.2";
			developmentRegion = English;
			hasScannedForEncodings = 0;
			knownRegions = (
				en,
				Base,
			);
			mainGroup = 06A9B0831E96B5DA0023BC5C;
			productRefGroup = 06A9B08D1E96B5DA0023BC5C /* Products */;
			projectDirPath = "";
			projectRoot = "";
			targets = (
				06A9B08B1E96B5DA0023BC5C /* NYTimes */,
				06A9B09F1E96B5DA0023BC5C /* NYTimesTests */,
				06A9B0AA1E96B5DA0023BC5C /* NYTimesUITests */,
			);
		};
/* End PBXProject section */

/* Begin PBXResourcesBuildPhase section */
		06A9B08A1E96B5DA0023BC5C /* Resources */ = {
			isa = PBXResourcesBuildPhase;
			buildActionMask = 2147483647;
			files = (
				06A9B09A1E96B5DA0023BC5C /* LaunchScreen.storyboard in Resources */,
				06A9B0971E96B5DA0023BC5C /* Assets.xcassets in Resources */,
				06A9B0951E96B5DA0023BC5C /* Main.storyboard in Resources */,
			);
			runOnlyForDeploymentPostprocessing = 0;
		};
		06A9B09E1E96B5DA0023BC5C /* Resources */ = {
			isa = PBXResourcesBuildPhase;
			buildActionMask = 2147483647;
			files = (
			);
			runOnlyForDeploymentPostprocessing = 0;
		};
		06A9B0A91E96B5DA0023BC5C /* Resources */ = {
			isa = PBXResourcesBuildPhase;
			buildActionMask = 2147483647;
			files = (
			);
			runOnlyForDeploymentPostprocessing = 0;
		};
/* End PBXResourcesBuildPhase section */

/* Begin PBXShellScriptBuildPhase section */
		0F3B65509914203EB7C9C062 /* [CP] Embed Pods Frameworks */ = {
			isa = PBXShellScriptBuildPhase;
			buildActionMask = 2147483647;
			files = (
			);
			inputPaths = (
			);
			name = "[CP] Embed Pods Frameworks";
			outputPaths = (
			);
			runOnlyForDeploymentPostprocessing = 0;
			shellPath = /bin/sh;
			shellScript = "\"${SRCROOT}/Pods/Target Support Files/Pods-NYTimesTests/Pods-NYTimesTests-frameworks.sh\"\n";
			showEnvVarsInLog = 0;
		};
		2BB06A969D1F1EAAE70A765C /* [CP] Copy Pods Resources */ = {
			isa = PBXShellScriptBuildPhase;
			buildActionMask = 2147483647;
			files = (
			);
			inputPaths = (
			);
			name = "[CP] Copy Pods Resources";
			outputPaths = (
			);
			runOnlyForDeploymentPostprocessing = 0;
			shellPath = /bin/sh;
			shellScript = "\"${SRCROOT}/Pods/Target Support Files/Pods-NYTimes/Pods-NYTimes-resources.sh\"\n";
			showEnvVarsInLog = 0;
		};
		2E9096CA08D5D69DC600C4A3 /* [CP] Check Pods Manifest.lock */ = {
			isa = PBXShellScriptBuildPhase;
			buildActionMask = 2147483647;
			files = (
			);
			inputPaths = (
			);
			name = "[CP] Check Pods Manifest.lock";
			outputPaths = (
			);
			runOnlyForDeploymentPostprocessing = 0;
			shellPath = /bin/sh;
			shellScript = "diff \"${PODS_ROOT}/../Podfile.lock\" \"${PODS_ROOT}/Manifest.lock\" > /dev/null\nif [ $? != 0 ] ; then\n    # print error to STDERR\n    echo \"error: The sandbox is not in sync with the Podfile.lock. Run 'pod install' or update your CocoaPods installation.\" >&2\n    exit 1\nfi\n";
			showEnvVarsInLog = 0;
		};
		33DAB0B7BF7B258F465AD240 /* [CP] Embed Pods Frameworks */ = {
			isa = PBXShellScriptBuildPhase;
			buildActionMask = 2147483647;
			files = (
			);
			inputPaths = (
			);
			name = "[CP] Embed Pods Frameworks";
			outputPaths = (
			);
			runOnlyForDeploymentPostprocessing = 0;
			shellPath = /bin/sh;
			shellScript = "\"${SRCROOT}/Pods/Target Support Files/Pods-NYTimesUITests/Pods-NYTimesUITests-frameworks.sh\"\n";
			showEnvVarsInLog = 0;
		};
		37A5A42C7DD9B6864854F820 /* [CP] Copy Pods Resources */ = {
			isa = PBXShellScriptBuildPhase;
			buildActionMask = 2147483647;
			files = (
			);
			inputPaths = (
			);
			name = "[CP] Copy Pods Resources";
			outputPaths = (
			);
			runOnlyForDeploymentPostprocessing = 0;
			shellPath = /bin/sh;
			shellScript = "\"${SRCROOT}/Pods/Target Support Files/Pods-NYTimesTests/Pods-NYTimesTests-resources.sh\"\n";
			showEnvVarsInLog = 0;
		};
		5571C26E2F3682FBB3AF645F /* [CP] Embed Pods Frameworks */ = {
			isa = PBXShellScriptBuildPhase;
			buildActionMask = 2147483647;
			files = (
			);
			inputPaths = (
			);
			name = "[CP] Embed Pods Frameworks";
			outputPaths = (
			);
			runOnlyForDeploymentPostprocessing = 0;
			shellPath = /bin/sh;
			shellScript = "\"${SRCROOT}/Pods/Target Support Files/Pods-NYTimes/Pods-NYTimes-frameworks.sh\"\n";
			showEnvVarsInLog = 0;
		};
		6740DCDF9599C8E9913E3154 /* [CP] Copy Pods Resources */ = {
			isa = PBXShellScriptBuildPhase;
			buildActionMask = 2147483647;
			files = (
			);
			inputPaths = (
			);
			name = "[CP] Copy Pods Resources";
			outputPaths = (
			);
			runOnlyForDeploymentPostprocessing = 0;
			shellPath = /bin/sh;
			shellScript = "\"${SRCROOT}/Pods/Target Support Files/Pods-NYTimesUITests/Pods-NYTimesUITests-resources.sh\"\n";
			showEnvVarsInLog = 0;
		};
		6E2B553D2B103450BEEB0DDA /* [CP] Check Pods Manifest.lock */ = {
			isa = PBXShellScriptBuildPhase;
			buildActionMask = 2147483647;
			files = (
			);
			inputPaths = (
			);
			name = "[CP] Check Pods Manifest.lock";
			outputPaths = (
			);
			runOnlyForDeploymentPostprocessing = 0;
			shellPath = /bin/sh;
			shellScript = "diff \"${PODS_ROOT}/../Podfile.lock\" \"${PODS_ROOT}/Manifest.lock\" > /dev/null\nif [ $? != 0 ] ; then\n    # print error to STDERR\n    echo \"error: The sandbox is not in sync with the Podfile.lock. Run 'pod install' or update your CocoaPods installation.\" >&2\n    exit 1\nfi\n";
			showEnvVarsInLog = 0;
		};
		9E30EA5B955E717C775577AD /* [CP] Check Pods Manifest.lock */ = {
			isa = PBXShellScriptBuildPhase;
			buildActionMask = 2147483647;
			files = (
			);
			inputPaths = (
			);
			name = "[CP] Check Pods Manifest.lock";
			outputPaths = (
			);
			runOnlyForDeploymentPostprocessing = 0;
			shellPath = /bin/sh;
			shellScript = "diff \"${PODS_ROOT}/../Podfile.lock\" \"${PODS_ROOT}/Manifest.lock\" > /dev/null\nif [ $? != 0 ] ; then\n    # print error to STDERR\n    echo \"error: The sandbox is not in sync with the Podfile.lock. Run 'pod install' or update your CocoaPods installation.\" >&2\n    exit 1\nfi\n";
			showEnvVarsInLog = 0;
		};
/* End PBXShellScriptBuildPhase section */

/* Begin PBXSourcesBuildPhase section */
		06A9B0881E96B5DA0023BC5C /* Sources */ = {
			isa = PBXSourcesBuildPhase;
			buildActionMask = 2147483647;
			files = (
				06A9B0C71E96CC610023BC5C /* Result.swift in Sources */,
				06A9B0BF1E96B9D70023BC5C /* NYTimesApi.swift in Sources */,
				06A9B0921E96B5DA0023BC5C /* ViewController.swift in Sources */,
				06A9B0C21E96C25B0023BC5C /* ArticlesTableViewController.swift in Sources */,
				06A9B0901E96B5DA0023BC5C /* AppDelegate.swift in Sources */,
				06A9B0C51E96C4410023BC5C /* Article.swift in Sources */,
			);
			runOnlyForDeploymentPostprocessing = 0;
		};
		06A9B09C1E96B5DA0023BC5C /* Sources */ = {
			isa = PBXSourcesBuildPhase;
			buildActionMask = 2147483647;
			files = (
				06A9B0A51E96B5DA0023BC5C /* NYTimesTests.swift in Sources */,
			);
			runOnlyForDeploymentPostprocessing = 0;
		};
		06A9B0A71E96B5DA0023BC5C /* Sources */ = {
			isa = PBXSourcesBuildPhase;
			buildActionMask = 2147483647;
			files = (
				06A9B0B01E96B5DA0023BC5C /* NYTimesUITests.swift in Sources */,
			);
			runOnlyForDeploymentPostprocessing = 0;
		};
/* End PBXSourcesBuildPhase section */

/* Begin PBXTargetDependency section */
		06A9B0A21E96B5DA0023BC5C /* PBXTargetDependency */ = {
			isa = PBXTargetDependency;
			target = 06A9B08B1E96B5DA0023BC5C /* NYTimes */;
			targetProxy = 06A9B0A11E96B5DA0023BC5C /* PBXContainerItemProxy */;
		};
		06A9B0AD1E96B5DA0023BC5C /* PBXTargetDependency */ = {
			isa = PBXTargetDependency;
			target = 06A9B08B1E96B5DA0023BC5C /* NYTimes */;
			targetProxy = 06A9B0AC1E96B5DA0023BC5C /* PBXContainerItemProxy */;
		};
/* End PBXTargetDependency section */

/* Begin PBXVariantGroup section */
		06A9B0931E96B5DA0023BC5C /* Main.storyboard */ = {
			isa = PBXVariantGroup;
			children = (
				06A9B0941E96B5DA0023BC5C /* Base */,
			);
			name = Main.storyboard;
			sourceTree = "<group>";
		};
		06A9B0981E96B5DA0023BC5C /* LaunchScreen.storyboard */ = {
			isa = PBXVariantGroup;
			children = (
				06A9B0991E96B5DA0023BC5C /* Base */,
			);
			name = LaunchScreen.storyboard;
			sourceTree = "<group>";
		};
/* End PBXVariantGroup section */

/* Begin XCBuildConfiguration section */
		06A9B0B21E96B5DA0023BC5C /* Debug */ = {
			isa = XCBuildConfiguration;
			buildSettings = {
				ALWAYS_SEARCH_USER_PATHS = NO;
				CLANG_ANALYZER_NONNULL = YES;
				CLANG_ANALYZER_NUMBER_OBJECT_CONVERSION = YES_AGGRESSIVE;
				CLANG_CXX_LANGUAGE_STANDARD = "gnu++0x";
				CLANG_CXX_LIBRARY = "libc++";
				CLANG_ENABLE_MODULES = YES;
				CLANG_ENABLE_OBJC_ARC = YES;
				CLANG_WARN_BOOL_CONVERSION = YES;
				CLANG_WARN_CONSTANT_CONVERSION = YES;
				CLANG_WARN_DIRECT_OBJC_ISA_USAGE = YES_ERROR;
				CLANG_WARN_DOCUMENTATION_COMMENTS = YES;
				CLANG_WARN_EMPTY_BODY = YES;
				CLANG_WARN_ENUM_CONVERSION = YES;
				CLANG_WARN_INFINITE_RECURSION = YES;
				CLANG_WARN_INT_CONVERSION = YES;
				CLANG_WARN_OBJC_ROOT_CLASS = YES_ERROR;
				CLANG_WARN_SUSPICIOUS_MOVE = YES;
				CLANG_WARN_UNREACHABLE_CODE = YES;
				CLANG_WARN__DUPLICATE_METHOD_MATCH = YES;
				"CODE_SIGN_IDENTITY[sdk=iphoneos*]" = "iPhone Developer";
				COPY_PHASE_STRIP = NO;
				DEBUG_INFORMATION_FORMAT = dwarf;
				ENABLE_STRICT_OBJC_MSGSEND = YES;
				ENABLE_TESTABILITY = YES;
				GCC_C_LANGUAGE_STANDARD = gnu99;
				GCC_DYNAMIC_NO_PIC = NO;
				GCC_NO_COMMON_BLOCKS = YES;
				GCC_OPTIMIZATION_LEVEL = 0;
				GCC_PREPROCESSOR_DEFINITIONS = (
					"DEBUG=1",
					"$(inherited)",
				);
				GCC_WARN_64_TO_32_BIT_CONVERSION = YES;
				GCC_WARN_ABOUT_RETURN_TYPE = YES_ERROR;
				GCC_WARN_UNDECLARED_SELECTOR = YES;
				GCC_WARN_UNINITIALIZED_AUTOS = YES_AGGRESSIVE;
				GCC_WARN_UNUSED_FUNCTION = YES;
				GCC_WARN_UNUSED_VARIABLE = YES;
				IPHONEOS_DEPLOYMENT_TARGET = 10.3;
				MTL_ENABLE_DEBUG_INFO = YES;
				ONLY_ACTIVE_ARCH = YES;
				SDKROOT = iphoneos;
				SWIFT_ACTIVE_COMPILATION_CONDITIONS = DEBUG;
				SWIFT_OPTIMIZATION_LEVEL = "-Onone";
			};
			name = Debug;
		};
		06A9B0B31E96B5DA0023BC5C /* Release */ = {
			isa = XCBuildConfiguration;
			buildSettings = {
				ALWAYS_SEARCH_USER_PATHS = NO;
				CLANG_ANALYZER_NONNULL = YES;
				CLANG_ANALYZER_NUMBER_OBJECT_CONVERSION = YES_AGGRESSIVE;
				CLANG_CXX_LANGUAGE_STANDARD = "gnu++0x";
				CLANG_CXX_LIBRARY = "libc++";
				CLANG_ENABLE_MODULES = YES;
				CLANG_ENABLE_OBJC_ARC = YES;
				CLANG_WARN_BOOL_CONVERSION = YES;
				CLANG_WARN_CONSTANT_CONVERSION = YES;
				CLANG_WARN_DIRECT_OBJC_ISA_USAGE = YES_ERROR;
				CLANG_WARN_DOCUMENTATION_COMMENTS = YES;
				CLANG_WARN_EMPTY_BODY = YES;
				CLANG_WARN_ENUM_CONVERSION = YES;
				CLANG_WARN_INFINITE_RECURSION = YES;
				CLANG_WARN_INT_CONVERSION = YES;
				CLANG_WARN_OBJC_ROOT_CLASS = YES_ERROR;
				CLANG_WARN_SUSPICIOUS_MOVE = YES;
				CLANG_WARN_UNREACHABLE_CODE = YES;
				CLANG_WARN__DUPLICATE_METHOD_MATCH = YES;
				"CODE_SIGN_IDENTITY[sdk=iphoneos*]" = "iPhone Developer";
				COPY_PHASE_STRIP = NO;
				DEBUG_INFORMATION_FORMAT = "dwarf-with-dsym";
				ENABLE_NS_ASSERTIONS = NO;
				ENABLE_STRICT_OBJC_MSGSEND = YES;
				GCC_C_LANGUAGE_STANDARD = gnu99;
				GCC_NO_COMMON_BLOCKS = YES;
				GCC_WARN_64_TO_32_BIT_CONVERSION = YES;
				GCC_WARN_ABOUT_RETURN_TYPE = YES_ERROR;
				GCC_WARN_UNDECLARED_SELECTOR = YES;
				GCC_WARN_UNINITIALIZED_AUTOS = YES_AGGRESSIVE;
				GCC_WARN_UNUSED_FUNCTION = YES;
				GCC_WARN_UNUSED_VARIABLE = YES;
				IPHONEOS_DEPLOYMENT_TARGET = 10.3;
				MTL_ENABLE_DEBUG_INFO = NO;
				SDKROOT = iphoneos;
				SWIFT_OPTIMIZATION_LEVEL = "-Owholemodule";
				VALIDATE_PRODUCT = YES;
			};
			name = Release;
		};
		06A9B0B51E96B5DA0023BC5C /* Debug */ = {
			isa = XCBuildConfiguration;
			baseConfigurationReference = DE6087DEA346135BE18EB64A /* Pods-NYTimes.debug.xcconfig */;
			buildSettings = {
				ASSETCATALOG_COMPILER_APPICON_NAME = AppIcon;
				DEVELOPMENT_TEAM = 66BW5V4FD9;
				INFOPLIST_FILE = NYTimes/Info.plist;
				LD_RUNPATH_SEARCH_PATHS = "$(inherited) @executable_path/Frameworks";
				PRODUCT_BUNDLE_IDENTIFIER = com.brounie.NYTimes;
				PRODUCT_NAME = "$(TARGET_NAME)";
				SWIFT_VERSION = 3.0;
			};
			name = Debug;
		};
		06A9B0B61E96B5DA0023BC5C /* Release */ = {
			isa = XCBuildConfiguration;
			baseConfigurationReference = 14C14EC11A7C299506363CDF /* Pods-NYTimes.release.xcconfig */;
			buildSettings = {
				ASSETCATALOG_COMPILER_APPICON_NAME = AppIcon;
				DEVELOPMENT_TEAM = 66BW5V4FD9;
				INFOPLIST_FILE = NYTimes/Info.plist;
				LD_RUNPATH_SEARCH_PATHS = "$(inherited) @executable_path/Frameworks";
				PRODUCT_BUNDLE_IDENTIFIER = com.brounie.NYTimes;
				PRODUCT_NAME = "$(TARGET_NAME)";
				SWIFT_VERSION = 3.0;
			};
			name = Release;
		};
		06A9B0B81E96B5DA0023BC5C /* Debug */ = {
			isa = XCBuildConfiguration;
			baseConfigurationReference = D52AD3DF71158F6E81C12831 /* Pods-NYTimesTests.debug.xcconfig */;
			buildSettings = {
				ALWAYS_EMBED_SWIFT_STANDARD_LIBRARIES = YES;
				BUNDLE_LOADER = "$(TEST_HOST)";
				DEVELOPMENT_TEAM = 66BW5V4FD9;
				INFOPLIST_FILE = NYTimesTests/Info.plist;
				LD_RUNPATH_SEARCH_PATHS = "$(inherited) @executable_path/Frameworks @loader_path/Frameworks";
				PRODUCT_BUNDLE_IDENTIFIER = com.brounie.NYTimesTests;
				PRODUCT_NAME = "$(TARGET_NAME)";
				SWIFT_VERSION = 3.0;
				TEST_HOST = "$(BUILT_PRODUCTS_DIR)/NYTimes.app/NYTimes";
			};
			name = Debug;
		};
		06A9B0B91E96B5DA0023BC5C /* Release */ = {
			isa = XCBuildConfiguration;
			baseConfigurationReference = 9E2F111982A6BDE1ABC0F12B /* Pods-NYTimesTests.release.xcconfig */;
			buildSettings = {
				ALWAYS_EMBED_SWIFT_STANDARD_LIBRARIES = YES;
				BUNDLE_LOADER = "$(TEST_HOST)";
				DEVELOPMENT_TEAM = 66BW5V4FD9;
				INFOPLIST_FILE = NYTimesTests/Info.plist;
				LD_RUNPATH_SEARCH_PATHS = "$(inherited) @executable_path/Frameworks @loader_path/Frameworks";
				PRODUCT_BUNDLE_IDENTIFIER = com.brounie.NYTimesTests;
				PRODUCT_NAME = "$(TARGET_NAME)";
				SWIFT_VERSION = 3.0;
				TEST_HOST = "$(BUILT_PRODUCTS_DIR)/NYTimes.app/NYTimes";
			};
			name = Release;
		};
		06A9B0BB1E96B5DA0023BC5C /* Debug */ = {
			isa = XCBuildConfiguration;
			baseConfigurationReference = C336091F5392C6C7E901A85F /* Pods-NYTimesUITests.debug.xcconfig */;
			buildSettings = {
				ALWAYS_EMBED_SWIFT_STANDARD_LIBRARIES = YES;
				DEVELOPMENT_TEAM = 66BW5V4FD9;
				INFOPLIST_FILE = NYTimesUITests/Info.plist;
				LD_RUNPATH_SEARCH_PATHS = "$(inherited) @executable_path/Frameworks @loader_path/Frameworks";
				PRODUCT_BUNDLE_IDENTIFIER = com.brounie.NYTimesUITests;
				PRODUCT_NAME = "$(TARGET_NAME)";
				SWIFT_VERSION = 3.0;
				TEST_TARGET_NAME = NYTimes;
			};
			name = Debug;
		};
		06A9B0BC1E96B5DA0023BC5C /* Release */ = {
			isa = XCBuildConfiguration;
			baseConfigurationReference = 5193084880C6AF9EFF27696A /* Pods-NYTimesUITests.release.xcconfig */;
			buildSettings = {
				ALWAYS_EMBED_SWIFT_STANDARD_LIBRARIES = YES;
				DEVELOPMENT_TEAM = 66BW5V4FD9;
				INFOPLIST_FILE = NYTimesUITests/Info.plist;
				LD_RUNPATH_SEARCH_PATHS = "$(inherited) @executable_path/Frameworks @loader_path/Frameworks";
				PRODUCT_BUNDLE_IDENTIFIER = com.brounie.NYTimesUITests;
				PRODUCT_NAME = "$(TARGET_NAME)";
				SWIFT_VERSION = 3.0;
				TEST_TARGET_NAME = NYTimes;
			};
			name = Release;
		};
/* End XCBuildConfiguration section */

/* Begin XCConfigurationList section */
		06A9B0871E96B5DA0023BC5C /* Build configuration list for PBXProject "NYTimes" */ = {
			isa = XCConfigurationList;
			buildConfigurations = (
				06A9B0B21E96B5DA0023BC5C /* Debug */,
				06A9B0B31E96B5DA0023BC5C /* Release */,
			);
			defaultConfigurationIsVisible = 0;
			defaultConfigurationName = Release;
		};
		06A9B0B41E96B5DA0023BC5C /* Build configuration list for PBXNativeTarget "NYTimes" */ = {
			isa = XCConfigurationList;
			buildConfigurations = (
				06A9B0B51E96B5DA0023BC5C /* Debug */,
				06A9B0B61E96B5DA0023BC5C /* Release */,
			);
			defaultConfigurationIsVisible = 0;
			defaultConfigurationName = Release;
		};
		06A9B0B71E96B5DA0023BC5C /* Build configuration list for PBXNativeTarget "NYTimesTests" */ = {
			isa = XCConfigurationList;
			buildConfigurations = (
				06A9B0B81E96B5DA0023BC5C /* Debug */,
				06A9B0B91E96B5DA0023BC5C /* Release */,
			);
			defaultConfigurationIsVisible = 0;
			defaultConfigurationName = Release;
		};
		06A9B0BA1E96B5DA0023BC5C /* Build configuration list for PBXNativeTarget "NYTimesUITests" */ = {
			isa = XCConfigurationList;
			buildConfigurations = (
				06A9B0BB1E96B5DA0023BC5C /* Debug */,
				06A9B0BC1E96B5DA0023BC5C /* Release */,
			);
			defaultConfigurationIsVisible = 0;
			defaultConfigurationName = Release;
		};
/* End XCConfigurationList section */
	};
	rootObject = 06A9B0841E96B5DA0023BC5C /* Project object */;
}
